
Microsoft Visual Studio Solution File, Format Version 12.00
# Visual Studio 15
VisualStudioVersion = 15.0.26228.4
MinimumVisualStudioVersion = 10.0.40219.1
Project("{9A19103F-16F7-4668-BE54-9A1E7A4F7556}") = "ApplicationContext", "ApplicationContext\ApplicationContext\ApplicationContext.csproj", "{E5CD0A2C-4A3B-4B25-A757-D6CEEBA40FA5}"
EndProject
Project("{FAE04EC0-301F-11D3-BF4B-00C04F79EFBC}") = "DependencyResolver", "DependencyResolver\DependencyResolver\DependencyResolver.csproj", "{A8E83776-07F6-4295-87A0-6D75A15FD79E}"
EndProject
Project("{2150E333-8FDC-42A3-9474-1A3956D46DE8}") = "0- Common", "0- Common", "{9F59ECF0-111D-47EF-BC43-C77B45B1D965}"
	ProjectSection(SolutionItems) = preProject
		.gitignore = .gitignore
	EndProjectSection
EndProject
Project("{2150E333-8FDC-42A3-9474-1A3956D46DE8}") = "1 - ApiBus", "1 - ApiBus", "{CA74CAB3-7C31-4634-8188-18869165A04D}"
EndProject
Project("{FAE04EC0-301F-11D3-BF4B-00C04F79EFBC}") = "TestCommons", "TestCommons\TestCommons\TestCommons.csproj", "{EB2E280C-3C8B-4B8E-BE1A-F76AFE281771}"
EndProject
Project("{FAE04EC0-301F-11D3-BF4B-00C04F79EFBC}") = "ApiBus", "ApiBus\ApiBus\ApiBus.csproj", "{52E150DE-1394-4026-A363-600741873B46}"
EndProject
Project("{FAE04EC0-301F-11D3-BF4B-00C04F79EFBC}") = "ApiBus.Tests", "ApiBus\ApiBus.Tests\ApiBus.Tests.csproj", "{6E7FB87B-1896-4D84-A323-A80BCC58391B}"
EndProject
Project("{2150E333-8FDC-42A3-9474-1A3956D46DE8}") = "_ Solution Items", "_ Solution Items", "{8CF6B2EF-9213-40AB-A633-27D215483062}"
	ProjectSection(SolutionItems) = preProject
		.gitignore = .gitignore
	EndProjectSection
EndProject
Global
	GlobalSection(SolutionConfigurationPlatforms) = preSolution
		Debug|Any CPU = Debug|Any CPU
		Release|Any CPU = Release|Any CPU
	EndGlobalSection
	GlobalSection(ProjectConfigurationPlatforms) = postSolution
		{E5CD0A2C-4A3B-4B25-A757-D6CEEBA40FA5}.Debug|Any CPU.ActiveCfg = Debug|Any CPU
		{E5CD0A2C-4A3B-4B25-A757-D6CEEBA40FA5}.Debug|Any CPU.Build.0 = Debug|Any CPU
		{E5CD0A2C-4A3B-4B25-A757-D6CEEBA40FA5}.Release|Any CPU.ActiveCfg = Release|Any CPU
		{E5CD0A2C-4A3B-4B25-A757-D6CEEBA40FA5}.Release|Any CPU.Build.0 = Release|Any CPU
		{A8E83776-07F6-4295-87A0-6D75A15FD79E}.Debug|Any CPU.ActiveCfg = Debug|Any CPU
		{A8E83776-07F6-4295-87A0-6D75A15FD79E}.Debug|Any CPU.Build.0 = Debug|Any CPU
		{A8E83776-07F6-4295-87A0-6D75A15FD79E}.Release|Any CPU.ActiveCfg = Release|Any CPU
		{A8E83776-07F6-4295-87A0-6D75A15FD79E}.Release|Any CPU.Build.0 = Release|Any CPU
		{EB2E280C-3C8B-4B8E-BE1A-F76AFE281771}.Debug|Any CPU.ActiveCfg = Debug|Any CPU
		{EB2E280C-3C8B-4B8E-BE1A-F76AFE281771}.Debug|Any CPU.Build.0 = Debug|Any CPU
		{EB2E280C-3C8B-4B8E-BE1A-F76AFE281771}.Release|Any CPU.ActiveCfg = Release|Any CPU
		{EB2E280C-3C8B-4B8E-BE1A-F76AFE281771}.Release|Any CPU.Build.0 = Release|Any CPU
		{52E150DE-1394-4026-A363-600741873B46}.Debug|Any CPU.ActiveCfg = Debug|Any CPU
		{52E150DE-1394-4026-A363-600741873B46}.Debug|Any CPU.Build.0 = Debug|Any CPU
		{52E150DE-1394-4026-A363-600741873B46}.Release|Any CPU.ActiveCfg = Release|Any CPU
		{52E150DE-1394-4026-A363-600741873B46}.Release|Any CPU.Build.0 = Release|Any CPU
		{6E7FB87B-1896-4D84-A323-A80BCC58391B}.Debug|Any CPU.ActiveCfg = Debug|Any CPU
		{6E7FB87B-1896-4D84-A323-A80BCC58391B}.Debug|Any CPU.Build.0 = Debug|Any CPU
		{6E7FB87B-1896-4D84-A323-A80BCC58391B}.Release|Any CPU.ActiveCfg = Release|Any CPU
		{6E7FB87B-1896-4D84-A323-A80BCC58391B}.Release|Any CPU.Build.0 = Release|Any CPU
	EndGlobalSection
	GlobalSection(SolutionProperties) = preSolution
		HideSolutionNode = FALSE
	EndGlobalSection
	GlobalSection(NestedProjects) = preSolution
		{E5CD0A2C-4A3B-4B25-A757-D6CEEBA40FA5} = {9F59ECF0-111D-47EF-BC43-C77B45B1D965}
		{A8E83776-07F6-4295-87A0-6D75A15FD79E} = {9F59ECF0-111D-47EF-BC43-C77B45B1D965}
		{EB2E280C-3C8B-4B8E-BE1A-F76AFE281771} = {9F59ECF0-111D-47EF-BC43-C77B45B1D965}
		{52E150DE-1394-4026-A363-600741873B46} = {CA74CAB3-7C31-4634-8188-18869165A04D}
		{6E7FB87B-1896-4D84-A323-A80BCC58391B} = {CA74CAB3-7C31-4634-8188-18869165A04D}
	EndGlobalSection
EndGlobal
